// !$*UTF8*$!
{
	archiveVersion = 1;
	classes = {
	};
	objectVersion = 46;
	objects = {

/* Begin PBXBuildFile section */
		3DEF028A1975E397001DF955 /* AppDelegate.swift in Sources */ = {isa = PBXBuildFile; fileRef = 3DEF02891975E397001DF955 /* AppDelegate.swift */; };
		3DEF028C1975E397001DF955 /* ViewController.swift in Sources */ = {isa = PBXBuildFile; fileRef = 3DEF028B1975E397001DF955 /* ViewController.swift */; };
		3DEF028F1975E397001DF955 /* Main.storyboard in Resources */ = {isa = PBXBuildFile; fileRef = 3DEF028D1975E397001DF955 /* Main.storyboard */; };
		3DEF02911975E397001DF955 /* Images.xcassets in Resources */ = {isa = PBXBuildFile; fileRef = 3DEF02901975E397001DF955 /* Images.xcassets */; };
		3DEF029D1975E397001DF955 /* PubNubHomeAutomationTests.swift in Sources */ = {isa = PBXBuildFile; fileRef = 3DEF029C1975E397001DF955 /* PubNubHomeAutomationTests.swift */; };
/* End PBXBuildFile section */

/* Begin PBXContainerItemProxy section */
		3DEF02971975E397001DF955 /* PBXContainerItemProxy */ = {
			isa = PBXContainerItemProxy;
			containerPortal = 3DEF027C1975E397001DF955 /* Project object */;
			proxyType = 1;
			remoteGlobalIDString = 3DEF02831975E397001DF955;
			remoteInfo = PubNubHomeAutomation;
		};
/* End PBXContainerItemProxy section */

/* Begin PBXFileReference section */
		3DEF02841975E397001DF955 /* PubNubHomeAutomation.app */ = {isa = PBXFileReference; explicitFileType = wrapper.application; includeInIndex = 0; path = PubNubHomeAutomation.app; sourceTree = BUILT_PRODUCTS_DIR; };
		3DEF02881975E397001DF955 /* Info.plist */ = {isa = PBXFileReference; lastKnownFileType = text.plist.xml; path = Info.plist; sourceTree = "<group>"; };
		3DEF02891975E397001DF955 /* AppDelegate.swift */ = {isa = PBXFileReference; lastKnownFileType = sourcecode.swift; path = AppDelegate.swift; sourceTree = "<group>"; };
		3DEF028B1975E397001DF955 /* ViewController.swift */ = {isa = PBXFileReference; lastKnownFileType = sourcecode.swift; path = ViewController.swift; sourceTree = "<group>"; };
		3DEF028E1975E397001DF955 /* Base */ = {isa = PBXFileReference; lastKnownFileType = file.storyboard; name = Base; path = Base.lproj/Main.storyboard; sourceTree = "<group>"; };
		3DEF02901975E397001DF955 /* Images.xcassets */ = {isa = PBXFileReference; lastKnownFileType = folder.assetcatalog; path = Images.xcassets; sourceTree = "<group>"; };
		3DEF02961975E397001DF955 /* PubNubHomeAutomationTests.xctest */ = {isa = PBXFileReference; explicitFileType = wrapper.cfbundle; includeInIndex = 0; path = PubNubHomeAutomationTests.xctest; sourceTree = BUILT_PRODUCTS_DIR; };
		3DEF029B1975E397001DF955 /* Info.plist */ = {isa = PBXFileReference; lastKnownFileType = text.plist.xml; path = Info.plist; sourceTree = "<group>"; };
		3DEF029C1975E397001DF955 /* PubNubHomeAutomationTests.swift */ = {isa = PBXFileReference; lastKnownFileType = sourcecode.swift; path = PubNubHomeAutomationTests.swift; sourceTree = "<group>"; };
/* End PBXFileReference section */

/* Begin PBXFrameworksBuildPhase section */
		3DEF02811975E397001DF955 /* Frameworks */ = {
			isa = PBXFrameworksBuildPhase;
			buildActionMask = 2147483647;
			files = (
			);
			runOnlyForDeploymentPostprocessing = 0;
		};
		3DEF02931975E397001DF955 /* Frameworks */ = {
			isa = PBXFrameworksBuildPhase;
			buildActionMask = 2147483647;
			files = (
			);
			runOnlyForDeploymentPostprocessing = 0;
		};
/* End PBXFrameworksBuildPhase section */

/* Begin PBXGroup section */
		3DEF027B1975E397001DF955 = {
			isa = PBXGroup;
			children = (
				3DEF02861975E397001DF955 /* PubNubHomeAutomation */,
				3DEF02991975E397001DF955 /* PubNubHomeAutomationTests */,
				3DEF02851975E397001DF955 /* Products */,
			);
			sourceTree = "<group>";
		};
		3DEF02851975E397001DF955 /* Products */ = {
			isa = PBXGroup;
			children = (
				3DEF02841975E397001DF955 /* PubNubHomeAutomation.app */,
				3DEF02961975E397001DF955 /* PubNubHomeAutomationTests.xctest */,
			);
			name = Products;
			sourceTree = "<group>";
		};
		3DEF02861975E397001DF955 /* PubNubHomeAutomation */ = {
			isa = PBXGroup;
			children = (
				3DEF02891975E397001DF955 /* AppDelegate.swift */,
				3DEF028B1975E397001DF955 /* ViewController.swift */,
				3DEF028D1975E397001DF955 /* Main.storyboard */,
				3DEF02901975E397001DF955 /* Images.xcassets */,
				3DEF02871975E397001DF955 /* Supporting Files */,
			);
			path = PubNubHomeAutomation;
			sourceTree = "<group>";
		};
		3DEF02871975E397001DF955 /* Supporting Files */ = {
			isa = PBXGroup;
			children = (
				3DEF02881975E397001DF955 /* Info.plist */,
			);
			name = "Supporting Files";
			sourceTree = "<group>";
		};
		3DEF02991975E397001DF955 /* PubNubHomeAutomationTests */ = {
			isa = PBXGroup;
			children = (
				3DEF029C1975E397001DF955 /* PubNubHomeAutomationTests.swift */,
				3DEF029A1975E397001DF955 /* Supporting Files */,
			);
			path = PubNubHomeAutomationTests;
			sourceTree = "<group>";
		};
		3DEF029A1975E397001DF955 /* Supporting Files */ = {
			isa = PBXGroup;
			children = (
				3DEF029B1975E397001DF955 /* Info.plist */,
			);
			name = "Supporting Files";
			sourceTree = "<group>";
		};
/* End PBXGroup section */

/* Begin PBXNativeTarget section */
		3DEF02831975E397001DF955 /* PubNubHomeAutomation */ = {
			isa = PBXNativeTarget;
			buildConfigurationList = 3DEF02A01975E397001DF955 /* Build configuration list for PBXNativeTarget "PubNubHomeAutomation" */;
			buildPhases = (
				3DEF02801975E397001DF955 /* Sources */,
				3DEF02811975E397001DF955 /* Frameworks */,
				3DEF02821975E397001DF955 /* Resources */,
			);
			buildRules = (
			);
			dependencies = (
			);
			name = PubNubHomeAutomation;
			productName = PubNubHomeAutomation;
			productReference = 3DEF02841975E397001DF955 /* PubNubHomeAutomation.app */;
			productType = "com.apple.product-type.application";
		};
		3DEF02951975E397001DF955 /* PubNubHomeAutomationTests */ = {
			isa = PBXNativeTarget;
			buildConfigurationList = 3DEF02A31975E397001DF955 /* Build configuration list for PBXNativeTarget "PubNubHomeAutomationTests" */;
			buildPhases = (
				3DEF02921975E397001DF955 /* Sources */,
				3DEF02931975E397001DF955 /* Frameworks */,
				3DEF02941975E397001DF955 /* Resources */,
			);
			buildRules = (
			);
			dependencies = (
				3DEF02981975E397001DF955 /* PBXTargetDependency */,
			);
			name = PubNubHomeAutomationTests;
			productName = PubNubHomeAutomationTests;
			productReference = 3DEF02961975E397001DF955 /* PubNubHomeAutomationTests.xctest */;
			productType = "com.apple.product-type.bundle.unit-test";
		};
/* End PBXNativeTarget section */

/* Begin PBXProject section */
		3DEF027C1975E397001DF955 /* Project object */ = {
			isa = PBXProject;
			attributes = {
				LastUpgradeCheck = 0600;
				ORGANIZATIONNAME = PubNub;
				TargetAttributes = {
					3DEF02831975E397001DF955 = {
						CreatedOnToolsVersion = 6.0;
					};
					3DEF02951975E397001DF955 = {
						CreatedOnToolsVersion = 6.0;
						TestTargetID = 3DEF02831975E397001DF955;
					};
				};
			};
			buildConfigurationList = 3DEF027F1975E397001DF955 /* Build configuration list for PBXProject "PubNubHomeAutomation" */;
			compatibilityVersion = "Xcode 3.2";
			developmentRegion = English;
			hasScannedForEncodings = 0;
			knownRegions = (
				en,
				Base,
			);
			mainGroup = 3DEF027B1975E397001DF955;
			productRefGroup = 3DEF02851975E397001DF955 /* Products */;
			projectDirPath = "";
			projectRoot = "";
			targets = (
				3DEF02831975E397001DF955 /* PubNubHomeAutomation */,
				3DEF02951975E397001DF955 /* PubNubHomeAutomationTests */,
			);
		};
/* End PBXProject section */

/* Begin PBXResourcesBuildPhase section */
		3DEF02821975E397001DF955 /* Resources */ = {
			isa = PBXResourcesBuildPhase;
			buildActionMask = 2147483647;
			files = (
				3DEF028F1975E397001DF955 /* Main.storyboard in Resources */,
				3DEF02911975E397001DF955 /* Images.xcassets in Resources */,
			);
			runOnlyForDeploymentPostprocessing = 0;
		};
		3DEF02941975E397001DF955 /* Resources */ = {
			isa = PBXResourcesBuildPhase;
			buildActionMask = 2147483647;
			files = (
			);
			runOnlyForDeploymentPostprocessing = 0;
		};
/* End PBXResourcesBuildPhase section */

/* Begin PBXSourcesBuildPhase section */
		3DEF02801975E397001DF955 /* Sources */ = {
			isa = PBXSourcesBuildPhase;
			buildActionMask = 2147483647;
			files = (
				3DEF028C1975E397001DF955 /* ViewController.swift in Sources */,
				3DEF028A1975E397001DF955 /* AppDelegate.swift in Sources */,
			);
			runOnlyForDeploymentPostprocessing = 0;
		};
		3DEF02921975E397001DF955 /* Sources */ = {
			isa = PBXSourcesBuildPhase;
			buildActionMask = 2147483647;
			files = (
				3DEF029D1975E397001DF955 /* PubNubHomeAutomationTests.swift in Sources */,
			);
			runOnlyForDeploymentPostprocessing = 0;
		};
/* End PBXSourcesBuildPhase section */

/* Begin PBXTargetDependency section */
		3DEF02981975E397001DF955 /* PBXTargetDependency */ = {
			isa = PBXTargetDependency;
			target = 3DEF02831975E397001DF955 /* PubNubHomeAutomation */;
			targetProxy = 3DEF02971975E397001DF955 /* PBXContainerItemProxy */;
		};
/* End PBXTargetDependency section */

/* Begin PBXVariantGroup section */
		3DEF028D1975E397001DF955 /* Main.storyboard */ = {
			isa = PBXVariantGroup;
			children = (
				3DEF028E1975E397001DF955 /* Base */,
			);
			name = Main.storyboard;
			sourceTree = "<group>";
		};
/* End PBXVariantGroup section */

/* Begin XCBuildConfiguration section */
		3DEF029E1975E397001DF955 /* Debug */ = {
			isa = XCBuildConfiguration;
			buildSettings = {
				ALWAYS_SEARCH_USER_PATHS = NO;
				CLANG_CXX_LANGUAGE_STANDARD = "gnu++0x";
				CLANG_CXX_LIBRARY = "libc++";
				CLANG_ENABLE_MODULES = YES;
				CLANG_ENABLE_OBJC_ARC = YES;
				CLANG_WARN_BOOL_CONVERSION = YES;
				CLANG_WARN_CONSTANT_CONVERSION = YES;
				CLANG_WARN_DIRECT_OBJC_ISA_USAGE = YES_ERROR;
				CLANG_WARN_EMPTY_BODY = YES;
				CLANG_WARN_ENUM_CONVERSION = YES;
				CLANG_WARN_INT_CONVERSION = YES;
				CLANG_WARN_OBJC_ROOT_CLASS = YES_ERROR;
				CLANG_WARN_UNREACHABLE_CODE = YES;
				CLANG_WARN__DUPLICATE_METHOD_MATCH = YES;
				"CODE_SIGN_IDENTITY[sdk=iphoneos*]" = "iPhone Developer";
				COPY_PHASE_STRIP = NO;
				ENABLE_STRICT_OBJC_MSGSEND = YES;
				GCC_C_LANGUAGE_STANDARD = gnu99;
				GCC_DYNAMIC_NO_PIC = NO;
				GCC_OPTIMIZATION_LEVEL = 0;
				GCC_PREPROCESSOR_DEFINITIONS = (
					"DEBUG=1",
					"$(inherited)",
				);
				GCC_SYMBOLS_PRIVATE_EXTERN = NO;
				GCC_WARN_64_TO_32_BIT_CONVERSION = YES;
				GCC_WARN_ABOUT_RETURN_TYPE = YES_ERROR;
				GCC_WARN_UNDECLARED_SELECTOR = YES;
				GCC_WARN_UNINITIALIZED_AUTOS = YES_AGGRESSIVE;
				GCC_WARN_UNUSED_FUNCTION = YES;
				GCC_WARN_UNUSED_VARIABLE = YES;
				IPHONEOS_DEPLOYMENT_TARGET = 8.0;
				MTL_ENABLE_DEBUG_INFO = YES;
				ONLY_ACTIVE_ARCH = YES;
				SDKROOT = iphoneos;
				SWIFT_OPTIMIZATION_LEVEL = "-Onone";
			};
			name = Debug;
		};
		3DEF029F1975E397001DF955 /* Release */ = {
			isa = XCBuildConfiguration;
			buildSettings = {
				ALWAYS_SEARCH_USER_PATHS = NO;
				CLANG_CXX_LANGUAGE_STANDARD = "gnu++0x";
				CLANG_CXX_LIBRARY = "libc++";
				CLANG_ENABLE_MODULES = YES;
				CLANG_ENABLE_OBJC_ARC = YES;
				CLANG_WARN_BOOL_CONVERSION = YES;
				CLANG_WARN_CONSTANT_CONVERSION = YES;
				CLANG_WARN_DIRECT_OBJC_ISA_USAGE = YES_ERROR;
				CLANG_WARN_EMPTY_BODY = YES;
				CLANG_WARN_ENUM_CONVERSION = YES;
				CLANG_WARN_INT_CONVERSION = YES;
				CLANG_WARN_OBJC_ROOT_CLASS = YES_ERROR;
				CLANG_WARN_UNREACHABLE_CODE = YES;
				CLANG_WARN__DUPLICATE_METHOD_MATCH = YES;
				"CODE_SIGN_IDENTITY[sdk=iphoneos*]" = "iPhone Developer";
				COPY_PHASE_STRIP = YES;
				ENABLE_NS_ASSERTIONS = NO;
				ENABLE_STRICT_OBJC_MSGSEND = YES;
				GCC_C_LANGUAGE_STANDARD = gnu99;
				GCC_WARN_64_TO_32_BIT_CONVERSION = YES;
				GCC_WARN_ABOUT_RETURN_TYPE = YES_ERROR;
				GCC_WARN_UNDECLARED_SELECTOR = YES;
				GCC_WARN_UNINITIALIZED_AUTOS = YES_AGGRESSIVE;
				GCC_WARN_UNUSED_FUNCTION = YES;
				GCC_WARN_UNUSED_VARIABLE = YES;
				IPHONEOS_DEPLOYMENT_TARGET = 8.0;
				MTL_ENABLE_DEBUG_INFO = NO;
				SDKROOT = iphoneos;
				VALIDATE_PRODUCT = YES;
			};
			name = Release;
		};
		3DEF02A11975E397001DF955 /* Debug */ = {
			isa = XCBuildConfiguration;
			buildSettings = {
				ASSETCATALOG_COMPILER_APPICON_NAME = AppIcon;
				ASSETCATALOG_COMPILER_LAUNCHIMAGE_NAME = LaunchImage;
				INFOPLIST_FILE = PubNubHomeAutomation/Info.plist;
				LD_RUNPATH_SEARCH_PATHS = "$(inherited) @executable_path/Frameworks";
				PRODUCT_NAME = "$(TARGET_NAME)";
			};
			name = Debug;
		};
		3DEF02A21975E397001DF955 /* Release */ = {
			isa = XCBuildConfiguration;
			buildSettings = {
				ASSETCATALOG_COMPILER_APPICON_NAME = AppIcon;
				ASSETCATALOG_COMPILER_LAUNCHIMAGE_NAME = LaunchImage;
				INFOPLIST_FILE = PubNubHomeAutomation/Info.plist;
				LD_RUNPATH_SEARCH_PATHS = "$(inherited) @executable_path/Frameworks";
				PRODUCT_NAME = "$(TARGET_NAME)";
			};
			name = Release;
		};
		3DEF02A41975E397001DF955 /* Debug */ = {
			isa = XCBuildConfiguration;
			buildSettings = {
				BUNDLE_LOADER = "$(BUILT_PRODUCTS_DIR)/PubNubHomeAutomation.app/PubNubHomeAutomation";
				FRAMEWORK_SEARCH_PATHS = (
					"$(SDKROOT)/Developer/Library/Frameworks",
					"$(inherited)",
				);
				GCC_PREPROCESSOR_DEFINITIONS = (
					"DEBUG=1",
					"$(inherited)",
				);
				INFOPLIST_FILE = PubNubHomeAutomationTests/Info.plist;
				LD_RUNPATH_SEARCH_PATHS = "$(inherited) @executable_path/Frameworks @loader_path/Frameworks";
				PRODUCT_NAME = "$(TARGET_NAME)";
				TEST_HOST = "$(BUNDLE_LOADER)";
			};
			name = Debug;
		};
		3DEF02A51975E397001DF955 /* Release */ = {
			isa = XCBuildConfiguration;
			buildSettings = {
				BUNDLE_LOADER = "$(BUILT_PRODUCTS_DIR)/PubNubHomeAutomation.app/PubNubHomeAutomation";
				FRAMEWORK_SEARCH_PATHS = (
					"$(SDKROOT)/Developer/Library/Frameworks",
					"$(inherited)",
				);
				INFOPLIST_FILE = PubNubHomeAutomationTests/Info.plist;
				LD_RUNPATH_SEARCH_PATHS = "$(inherited) @executable_path/Frameworks @loader_path/Frameworks";
				PRODUCT_NAME = "$(TARGET_NAME)";
				TEST_HOST = "$(BUNDLE_LOADER)";
			};
			name = Release;
		};
/* End XCBuildConfiguration section */

/* Begin XCConfigurationList section */
		3DEF027F1975E397001DF955 /* Build configuration list for PBXProject "PubNubHomeAutomation" */ = {
			isa = XCConfigurationList;
			buildConfigurations = (
				3DEF029E1975E397001DF955 /* Debug */,
				3DEF029F1975E397001DF955 /* Release */,
			);
			defaultConfigurationIsVisible = 0;
			defaultConfigurationName = Release;
		};
		3DEF02A01975E397001DF955 /* Build configuration list for PBXNativeTarget "PubNubHomeAutomation" */ = {
			isa = XCConfigurationList;
			buildConfigurations = (
				3DEF02A11975E397001DF955 /* Debug */,
				3DEF02A21975E397001DF955 /* Release */,
			);
			defaultConfigurationIsVisible = 0;
		};
		3DEF02A31975E397001DF955 /* Build configuration list for PBXNativeTarget "PubNubHomeAutomationTests" */ = {
			isa = XCConfigurationList;
			buildConfigurations = (
				3DEF02A41975E397001DF955 /* Debug */,
				3DEF02A51975E397001DF955 /* Release */,
			);
			defaultConfigurationIsVisible = 0;
		};
/* End XCConfigurationList section */
	};
	rootObject = 3DEF027C1975E397001DF955 /* Project object */;
}
